// !$*UTF8*$!
{
	archiveVersion = 1;
	classes = {
	};
	objectVersion = 50;
	objects = {

/* Begin PBXBuildFile section */
		8931AFEB21ED10A700BF6165 /* AppDelegate.swift in Sources */ = {isa = PBXBuildFile; fileRef = 8931AFEA21ED10A700BF6165 /* AppDelegate.swift */; };
		8931AFED21ED10A700BF6165 /* ViewController.swift in Sources */ = {isa = PBXBuildFile; fileRef = 8931AFEC21ED10A700BF6165 /* ViewController.swift */; };
		8931AFF021ED10A700BF6165 /* Main.storyboard in Resources */ = {isa = PBXBuildFile; fileRef = 8931AFEE21ED10A700BF6165 /* Main.storyboard */; };
		8931AFF221ED10A900BF6165 /* Assets.xcassets in Resources */ = {isa = PBXBuildFile; fileRef = 8931AFF121ED10A900BF6165 /* Assets.xcassets */; };
		8931AFF521ED10A900BF6165 /* LaunchScreen.storyboard in Resources */ = {isa = PBXBuildFile; fileRef = 8931AFF321ED10A900BF6165 /* LaunchScreen.storyboard */; };
		8931AFFD21ED1AFD00BF6165 /* icons8-ok-24.png in Resources */ = {isa = PBXBuildFile; fileRef = 8931AFFC21ED1AFD00BF6165 /* icons8-ok-24.png */; };
		8936FFDB21F77B44005C8019 /* icons8-undo-24.png in Resources */ = {isa = PBXBuildFile; fileRef = 8936FFDA21F77B44005C8019 /* icons8-undo-24.png */; };
		8936FFDD21F7925E005C8019 /* icons8-redo-24.png in Resources */ = {isa = PBXBuildFile; fileRef = 8936FFDC21F7925C005C8019 /* icons8-redo-24.png */; };
		89B28CCD21F652DC003D4152 /* icons8-address-book-24.png in Resources */ = {isa = PBXBuildFile; fileRef = 89B28CCC21F652DC003D4152 /* icons8-address-book-24.png */; };
		89B28CCF21F654BA003D4152 /* ViewController2.swift in Sources */ = {isa = PBXBuildFile; fileRef = 89B28CCE21F654BA003D4152 /* ViewController2.swift */; };
/* End PBXBuildFile section */

/* Begin PBXFileReference section */
		8931AFE721ED10A700BF6165 /* Prueba02.app */ = {isa = PBXFileReference; explicitFileType = wrapper.application; includeInIndex = 0; path = Prueba02.app; sourceTree = BUILT_PRODUCTS_DIR; };
		8931AFEA21ED10A700BF6165 /* AppDelegate.swift */ = {isa = PBXFileReference; lastKnownFileType = sourcecode.swift; path = AppDelegate.swift; sourceTree = "<group>"; };
		8931AFEC21ED10A700BF6165 /* ViewController.swift */ = {isa = PBXFileReference; lastKnownFileType = sourcecode.swift; path = ViewController.swift; sourceTree = "<group>"; };
		8931AFEF21ED10A700BF6165 /* Base */ = {isa = PBXFileReference; lastKnownFileType = file.storyboard; name = Base; path = Base.lproj/Main.storyboard; sourceTree = "<group>"; };
		8931AFF121ED10A900BF6165 /* Assets.xcassets */ = {isa = PBXFileReference; lastKnownFileType = folder.assetcatalog; path = Assets.xcassets; sourceTree = "<group>"; };
		8931AFF421ED10A900BF6165 /* Base */ = {isa = PBXFileReference; lastKnownFileType = file.storyboard; name = Base; path = Base.lproj/LaunchScreen.storyboard; sourceTree = "<group>"; };
		8931AFF621ED10A900BF6165 /* Info.plist */ = {isa = PBXFileReference; lastKnownFileType = text.plist.xml; path = Info.plist; sourceTree = "<group>"; };
		8931AFFC21ED1AFD00BF6165 /* icons8-ok-24.png */ = {isa = PBXFileReference; lastKnownFileType = image.png; name = "icons8-ok-24.png"; path = "../../../Downloads/icons8-ok-24.png"; sourceTree = "<group>"; };
		8936FFDA21F77B44005C8019 /* icons8-undo-24.png */ = {isa = PBXFileReference; lastKnownFileType = image.png; name = "icons8-undo-24.png"; path = "../../../Downloads/icons8-undo-24.png"; sourceTree = "<group>"; };
		8936FFDC21F7925C005C8019 /* icons8-redo-24.png */ = {isa = PBXFileReference; lastKnownFileType = image.png; name = "icons8-redo-24.png"; path = "../../../Downloads/icons8-redo-24.png"; sourceTree = "<group>"; };
		89B28CCC21F652DC003D4152 /* icons8-address-book-24.png */ = {isa = PBXFileReference; lastKnownFileType = image.png; name = "icons8-address-book-24.png"; path = "../../../Downloads/icons8-address-book-24.png"; sourceTree = "<group>"; };
		89B28CCE21F654BA003D4152 /* ViewController2.swift */ = {isa = PBXFileReference; lastKnownFileType = sourcecode.swift; path = ViewController2.swift; sourceTree = "<group>"; };
/* End PBXFileReference section */

/* Begin PBXFrameworksBuildPhase section */
		8931AFE421ED10A700BF6165 /* Frameworks */ = {
			isa = PBXFrameworksBuildPhase;
			buildActionMask = 2147483647;
			files = (
			);
			runOnlyForDeploymentPostprocessing = 0;
		};
/* End PBXFrameworksBuildPhase section */

/* Begin PBXGroup section */
		8931AFDE21ED10A700BF6165 = {
			isa = PBXGroup;
			children = (
				8931AFE921ED10A700BF6165 /* Prueba02 */,
				8931AFE821ED10A700BF6165 /* Products */,
			);
			sourceTree = "<group>";
		};
		8931AFE821ED10A700BF6165 /* Products */ = {
			isa = PBXGroup;
			children = (
				8931AFE721ED10A700BF6165 /* Prueba02.app */,
			);
			name = Products;
			sourceTree = "<group>";
		};
		8931AFE921ED10A700BF6165 /* Prueba02 */ = {
			isa = PBXGroup;
			children = (
				8931AFFC21ED1AFD00BF6165 /* icons8-ok-24.png */,
				89B28CCC21F652DC003D4152 /* icons8-address-book-24.png */,
				8936FFDA21F77B44005C8019 /* icons8-undo-24.png */,
				8936FFDC21F7925C005C8019 /* icons8-redo-24.png */,
				8931AFEA21ED10A700BF6165 /* AppDelegate.swift */,
				8931AFEC21ED10A700BF6165 /* ViewController.swift */,
				8931AFEE21ED10A700BF6165 /* Main.storyboard */,
				89B28CCE21F654BA003D4152 /* ViewController2.swift */,
				8931AFF121ED10A900BF6165 /* Assets.xcassets */,
				8931AFF321ED10A900BF6165 /* LaunchScreen.storyboard */,
				8931AFF621ED10A900BF6165 /* Info.plist */,
			);
			path = Prueba02;
			sourceTree = "<group>";
		};
/* End PBXGroup section */

/* Begin PBXNativeTarget section */
		8931AFE621ED10A700BF6165 /* Prueba02 */ = {
			isa = PBXNativeTarget;
			buildConfigurationList = 8931AFF921ED10A900BF6165 /* Build configuration list for PBXNativeTarget "Prueba02" */;
			buildPhases = (
				8931AFE321ED10A700BF6165 /* Sources */,
				8931AFE421ED10A700BF6165 /* Frameworks */,
				8931AFE521ED10A700BF6165 /* Resources */,
			);
			buildRules = (
			);
			dependencies = (
			);
			name = Prueba02;
			productName = Prueba02;
			productReference = 8931AFE721ED10A700BF6165 /* Prueba02.app */;
			productType = "com.apple.product-type.application";
		};
/* End PBXNativeTarget section */

/* Begin PBXProject section */
		8931AFDF21ED10A700BF6165 /* Project object */ = {
			isa = PBXProject;
			attributes = {
				LastSwiftUpdateCheck = 1010;
				LastUpgradeCheck = 1010;
				ORGANIZATIONNAME = AlexCandi;
				TargetAttributes = {
					8931AFE621ED10A700BF6165 = {
						CreatedOnToolsVersion = 10.1;
					};
				};
			};
			buildConfigurationList = 8931AFE221ED10A700BF6165 /* Build configuration list for PBXProject "Prueba02" */;
			compatibilityVersion = "Xcode 9.3";
			developmentRegion = en;
			hasScannedForEncodings = 0;
			knownRegions = (
				en,
				Base,
			);
			mainGroup = 8931AFDE21ED10A700BF6165;
			productRefGroup = 8931AFE821ED10A700BF6165 /* Products */;
			projectDirPath = "";
			projectRoot = "";
			targets = (
				8931AFE621ED10A700BF6165 /* Prueba02 */,
			);
		};
/* End PBXProject section */

/* Begin PBXResourcesBuildPhase section */
		8931AFE521ED10A700BF6165 /* Resources */ = {
			isa = PBXResourcesBuildPhase;
			buildActionMask = 2147483647;
			files = (
				8931AFF521ED10A900BF6165 /* LaunchScreen.storyboard in Resources */,
				8931AFFD21ED1AFD00BF6165 /* icons8-ok-24.png in Resources */,
				8931AFF221ED10A900BF6165 /* Assets.xcassets in Resources */,
				8936FFDD21F7925E005C8019 /* icons8-redo-24.png in Resources */,
				8931AFF021ED10A700BF6165 /* Main.storyboard in Resources */,
				89B28CCD21F652DC003D4152 /* icons8-address-book-24.png in Resources */,
				8936FFDB21F77B44005C8019 /* icons8-undo-24.png in Resources */,
			);
			runOnlyForDeploymentPostprocessing = 0;
		};
/* End PBXResourcesBuildPhase section */

/* Begin PBXSourcesBuildPhase section */
		8931AFE321ED10A700BF6165 /* Sources */ = {
			isa = PBXSourcesBuildPhase;
			buildActionMask = 2147483647;
			files = (
				8931AFED21ED10A700BF6165 /* ViewController.swift in Sources */,
				8931AFEB21ED10A700BF6165 /* AppDelegate.swift in Sources */,
				89B28CCF21F654BA003D4152 /* ViewController2.swift in Sources */,
			);
			runOnlyForDeploymentPostprocessing = 0;
		};
/* End PBXSourcesBuildPhase section */

/* Begin PBXVariantGroup section */
		8931AFEE21ED10A700BF6165 /* Main.storyboard */ = {
			isa = PBXVariantGroup;
			children = (
				8931AFEF21ED10A700BF6165 /* Base */,
			);
			name = Main.storyboard;
			sourceTree = "<group>";
		};
		8931AFF321ED10A900BF6165 /* LaunchScreen.storyboard */ = {
			isa = PBXVariantGroup;
			children = (
				8931AFF421ED10A900BF6165 /* Base */,
			);
			name = LaunchScreen.storyboard;
			sourceTree = "<group>";
		};
/* End PBXVariantGroup section */

/* Begin XCBuildConfiguration section */
		8931AFF721ED10A900BF6165 /* Debug */ = {
			isa = XCBuildConfiguration;
			buildSettings = {
				ALWAYS_SEARCH_USER_PATHS = NO;
				CLANG_ANALYZER_NONNULL = YES;
				CLANG_ANALYZER_NUMBER_OBJECT_CONVERSION = YES_AGGRESSIVE;
				CLANG_CXX_LANGUAGE_STANDARD = "gnu++14";
				CLANG_CXX_LIBRARY = "libc++";
				CLANG_ENABLE_MODULES = YES;
				CLANG_ENABLE_OBJC_ARC = YES;
				CLANG_ENABLE_OBJC_WEAK = YES;
				CLANG_WARN_BLOCK_CAPTURE_AUTORELEASING = YES;
				CLANG_WARN_BOOL_CONVERSION = YES;
				CLANG_WARN_COMMA = YES;
				CLANG_WARN_CONSTANT_CONVERSION = YES;
				CLANG_WARN_DEPRECATED_OBJC_IMPLEMENTATIONS = YES;
				CLANG_WARN_DIRECT_OBJC_ISA_USAGE = YES_ERROR;
				CLANG_WARN_DOCUMENTATION_COMMENTS = YES;
				CLANG_WARN_EMPTY_BODY = YES;
				CLANG_WARN_ENUM_CONVERSION = YES;
				CLANG_WARN_INFINITE_RECURSION = YES;
				CLANG_WARN_INT_CONVERSION = YES;
				CLANG_WARN_NON_LITERAL_NULL_CONVERSION = YES;
				CLANG_WARN_OBJC_IMPLICIT_RETAIN_SELF = YES;
				CLANG_WARN_OBJC_LITERAL_CONVERSION = YES;
				CLANG_WARN_OBJC_ROOT_CLASS = YES_ERROR;
				CLANG_WARN_RANGE_LOOP_ANALYSIS = YES;
				CLANG_WARN_STRICT_PROTOTYPES = YES;
				CLANG_WARN_SUSPICIOUS_MOVE = YES;
				CLANG_WARN_UNGUARDED_AVAILABILITY = YES_AGGRESSIVE;
				CLANG_WARN_UNREACHABLE_CODE = YES;
				CLANG_WARN__DUPLICATE_METHOD_MATCH = YES;
				CODE_SIGN_IDENTITY = "iPhone Developer";
				COPY_PHASE_STRIP = NO;
				DEBUG_INFORMATION_FORMAT = dwarf;
				ENABLE_STRICT_OBJC_MSGSEND = YES;
				ENABLE_TESTABILITY = YES;
				GCC_C_LANGUAGE_STANDARD = gnu11;
				GCC_DYNAMIC_NO_PIC = NO;
				GCC_NO_COMMON_BLOCKS = YES;
				GCC_OPTIMIZATION_LEVEL = 0;
				GCC_PREPROCESSOR_DEFINITIONS = (
					"DEBUG=1",
					"$(inherited)",
				);
				GCC_WARN_64_TO_32_BIT_CONVERSION = YES;
				GCC_WARN_ABOUT_RETURN_TYPE = YES_ERROR;
				GCC_WARN_UNDECLARED_SELECTOR = YES;
				GCC_WARN_UNINITIALIZED_AUTOS = YES_AGGRESSIVE;
				GCC_WARN_UNUSED_FUNCTION = YES;
				GCC_WARN_UNUSED_VARIABLE = YES;
				IPHONEOS_DEPLOYMENT_TARGET = 12.1;
				MTL_ENABLE_DEBUG_INFO = INCLUDE_SOURCE;
				MTL_FAST_MATH = YES;
				ONLY_ACTIVE_ARCH = YES;
				SDKROOT = iphoneos;
				SWIFT_ACTIVE_COMPILATION_CONDITIONS = DEBUG;
				SWIFT_OPTIMIZATION_LEVEL = "-Onone";
			};
			name = Debug;
		};
		8931AFF821ED10A900BF6165 /* Release */ = {
			isa = XCBuildConfiguration;
			buildSettings = {
				ALWAYS_SEARCH_USER_PATHS = NO;
				CLANG_ANALYZER_NONNULL = YES;
				CLANG_ANALYZER_NUMBER_OBJECT_CONVERSION = YES_AGGRESSIVE;
				CLANG_CXX_LANGUAGE_STANDARD = "gnu++14";
				CLANG_CXX_LIBRARY = "libc++";
				CLANG_ENABLE_MODULES = YES;
				CLANG_ENABLE_OBJC_ARC = YES;
				CLANG_ENABLE_OBJC_WEAK = YES;
				CLANG_WARN_BLOCK_CAPTURE_AUTORELEASING = YES;
				CLANG_WARN_BOOL_CONVERSION = YES;
				CLANG_WARN_COMMA = YES;
				CLANG_WARN_CONSTANT_CONVERSION = YES;
				CLANG_WARN_DEPRECATED_OBJC_IMPLEMENTATIONS = YES;
				CLANG_WARN_DIRECT_OBJC_ISA_USAGE = YES_ERROR;
				CLANG_WARN_DOCUMENTATION_COMMENTS = YES;
				CLANG_WARN_EMPTY_BODY = YES;
				CLANG_WARN_ENUM_CONVERSION = YES;
				CLANG_WARN_INFINITE_RECURSION = YES;
				CLANG_WARN_INT_CONVERSION = YES;
				CLANG_WARN_NON_LITERAL_NULL_CONVERSION = YES;
				CLANG_WARN_OBJC_IMPLICIT_RETAIN_SELF = YES;
				CLANG_WARN_OBJC_LITERAL_CONVERSION = YES;
				CLANG_WARN_OBJC_ROOT_CLASS = YES_ERROR;
				CLANG_WARN_RANGE_LOOP_ANALYSIS = YES;
				CLANG_WARN_STRICT_PROTOTYPES = YES;
				CLANG_WARN_SUSPICIOUS_MOVE = YES;
				CLANG_WARN_UNGUARDED_AVAILABILITY = YES_AGGRESSIVE;
				CLANG_WARN_UNREACHABLE_CODE = YES;
				CLANG_WARN__DUPLICATE_METHOD_MATCH = YES;
				CODE_SIGN_IDENTITY = "iPhone Developer";
				COPY_PHASE_STRIP = NO;
				DEBUG_INFORMATION_FORMAT = "dwarf-with-dsym";
				ENABLE_NS_ASSERTIONS = NO;
				ENABLE_STRICT_OBJC_MSGSEND = YES;
				GCC_C_LANGUAGE_STANDARD = gnu11;
				GCC_NO_COMMON_BLOCKS = YES;
				GCC_WARN_64_TO_32_BIT_CONVERSION = YES;
				GCC_WARN_ABOUT_RETURN_TYPE = YES_ERROR;
				GCC_WARN_UNDECLARED_SELECTOR = YES;
				GCC_WARN_UNINITIALIZED_AUTOS = YES_AGGRESSIVE;
				GCC_WARN_UNUSED_FUNCTION = YES;
				GCC_WARN_UNUSED_VARIABLE = YES;
				IPHONEOS_DEPLOYMENT_TARGET = 12.1;
				MTL_ENABLE_DEBUG_INFO = NO;
				MTL_FAST_MATH = YES;
				SDKROOT = iphoneos;
				SWIFT_COMPILATION_MODE = wholemodule;
				SWIFT_OPTIMIZATION_LEVEL = "-O";
				VALIDATE_PRODUCT = YES;
			};
			name = Release;
		};
		8931AFFA21ED10A900BF6165 /* Debug */ = {
			isa = XCBuildConfiguration;
			buildSettings = {
				ASSETCATALOG_COMPILER_APPICON_NAME = AppIcon;
				CODE_SIGN_STYLE = Automatic;
				INFOPLIST_FILE = Prueba02/Info.plist;
				LD_RUNPATH_SEARCH_PATHS = (
					"$(inherited)",
					"@executable_path/Frameworks",
				);
				PRODUCT_BUNDLE_IDENTIFIER = Calculadora.Prueba02;
				PRODUCT_NAME = "$(TARGET_NAME)";
				SWIFT_VERSION = 4.2;
				TARGETED_DEVICE_FAMILY = "1,2";
			};
			name = Debug;
		};
		8931AFFB21ED10A900BF6165 /* Release */ = {
			isa = XCBuildConfiguration;
			buildSettings = {
				ASSETCATALOG_COMPILER_APPICON_NAME = AppIcon;
				CODE_SIGN_STYLE = Automatic;
				INFOPLIST_FILE = Prueba02/Info.plist;
				LD_RUNPATH_SEARCH_PATHS = (
					"$(inherited)",
					"@executable_path/Frameworks",
				);
				PRODUCT_BUNDLE_IDENTIFIER = Calculadora.Prueba02;
				PRODUCT_NAME = "$(TARGET_NAME)";
				SWIFT_VERSION = 4.2;
				TARGETED_DEVICE_FAMILY = "1,2";
			};
			name = Release;
		};
/* End XCBuildConfiguration section */

/* Begin XCConfigurationList section */
		8931AFE221ED10A700BF6165 /* Build configuration list for PBXProject "Prueba02" */ = {
			isa = XCConfigurationList;
			buildConfigurations = (
				8931AFF721ED10A900BF6165 /* Debug */,
				8931AFF821ED10A900BF6165 /* Release */,
			);
			defaultConfigurationIsVisible = 0;
			defaultConfigurationName = Release;
		};
		8931AFF921ED10A900BF6165 /* Build configuration list for PBXNativeTarget "Prueba02" */ = {
			isa = XCConfigurationList;
			buildConfigurations = (
				8931AFFA21ED10A900BF6165 /* Debug */,
				8931AFFB21ED10A900BF6165 /* Release */,
			);
			defaultConfigurationIsVisible = 0;
			defaultConfigurationName = Release;
		};
/* End XCConfigurationList section */
	};
	rootObject = 8931AFDF21ED10A700BF6165 /* Project object */;
}
